// !$*UTF8*$!
{
	archiveVersion = 1;
	classes = {
	};
	objectVersion = 48;
	objects = {

/* Begin PBXBuildFile section */
		1638104A1FACB626007F3F61 /* AppDelegate.swift in Sources */ = {isa = PBXBuildFile; fileRef = 163810491FACB626007F3F61 /* AppDelegate.swift */; };
		1638104C1FACB626007F3F61 /* ViewController.swift in Sources */ = {isa = PBXBuildFile; fileRef = 1638104B1FACB626007F3F61 /* ViewController.swift */; };
		1638104F1FACB626007F3F61 /* Main.storyboard in Resources */ = {isa = PBXBuildFile; fileRef = 1638104D1FACB626007F3F61 /* Main.storyboard */; };
		163810511FACB626007F3F61 /* Assets.xcassets in Resources */ = {isa = PBXBuildFile; fileRef = 163810501FACB626007F3F61 /* Assets.xcassets */; };
		163810541FACB626007F3F61 /* LaunchScreen.storyboard in Resources */ = {isa = PBXBuildFile; fileRef = 163810521FACB626007F3F61 /* LaunchScreen.storyboard */; };
		1638105F1FACB626007F3F61 /* CollegeSystemTests.swift in Sources */ = {isa = PBXBuildFile; fileRef = 1638105E1FACB626007F3F61 /* CollegeSystemTests.swift */; };
		1638106A1FACB626007F3F61 /* CollegeSystemUITests.swift in Sources */ = {isa = PBXBuildFile; fileRef = 163810691FACB626007F3F61 /* CollegeSystemUITests.swift */; };
		1638108A1FACBF46007F3F61 /* Department.swift in Sources */ = {isa = PBXBuildFile; fileRef = 163810791FACBF41007F3F61 /* Department.swift */; };
		1638108B1FACBF46007F3F61 /* Course.swift in Sources */ = {isa = PBXBuildFile; fileRef = 1638107A1FACBF42007F3F61 /* Course.swift */; };
		1638108C1FACBF46007F3F61 /* Program.swift in Sources */ = {isa = PBXBuildFile; fileRef = 1638107B1FACBF42007F3F61 /* Program.swift */; };
		1638108D1FACBF46007F3F61 /* Country.swift in Sources */ = {isa = PBXBuildFile; fileRef = 1638107C1FACBF42007F3F61 /* Country.swift */; };
		1638108E1FACBF46007F3F61 /* StudentClass.swift in Sources */ = {isa = PBXBuildFile; fileRef = 1638107D1FACBF42007F3F61 /* StudentClass.swift */; };
		1638108F1FACBF46007F3F61 /* Status.swift in Sources */ = {isa = PBXBuildFile; fileRef = 1638107E1FACBF43007F3F61 /* Status.swift */; };
		163810901FACBF46007F3F61 /* Util.swift in Sources */ = {isa = PBXBuildFile; fileRef = 1638107F1FACBF43007F3F61 /* Util.swift */; };
		163810911FACBF46007F3F61 /* GradeAux.swift in Sources */ = {isa = PBXBuildFile; fileRef = 163810801FACBF43007F3F61 /* GradeAux.swift */; };
		163810921FACBF46007F3F61 /* Classe.swift in Sources */ = {isa = PBXBuildFile; fileRef = 163810811FACBF44007F3F61 /* Classe.swift */; };
		163810931FACBF46007F3F61 /* DepartmentEmployee.swift in Sources */ = {isa = PBXBuildFile; fileRef = 163810821FACBF44007F3F61 /* DepartmentEmployee.swift */; };
		163810941FACBF46007F3F61 /* Employee.swift in Sources */ = {isa = PBXBuildFile; fileRef = 163810831FACBF44007F3F61 /* Employee.swift */; };
		163810951FACBF46007F3F61 /* Student.swift in Sources */ = {isa = PBXBuildFile; fileRef = 163810841FACBF44007F3F61 /* Student.swift */; };
		163810971FACBF46007F3F61 /* CollegeReports.swift in Sources */ = {isa = PBXBuildFile; fileRef = 163810861FACBF45007F3F61 /* CollegeReports.swift */; };
		163810981FACBF46007F3F61 /* Function.swift in Sources */ = {isa = PBXBuildFile; fileRef = 163810871FACBF45007F3F61 /* Function.swift */; };
		163810991FACBF46007F3F61 /* Schedule.swift in Sources */ = {isa = PBXBuildFile; fileRef = 163810881FACBF46007F3F61 /* Schedule.swift */; };
		1638109A1FACBF46007F3F61 /* College.swift in Sources */ = {isa = PBXBuildFile; fileRef = 163810891FACBF46007F3F61 /* College.swift */; };
/* End PBXBuildFile section */

/* Begin PBXContainerItemProxy section */
		1638105B1FACB626007F3F61 /* PBXContainerItemProxy */ = {
			isa = PBXContainerItemProxy;
			containerPortal = 1638103E1FACB626007F3F61 /* Project object */;
			proxyType = 1;
			remoteGlobalIDString = 163810451FACB626007F3F61;
			remoteInfo = CollegeSystem;
		};
		163810661FACB626007F3F61 /* PBXContainerItemProxy */ = {
			isa = PBXContainerItemProxy;
			containerPortal = 1638103E1FACB626007F3F61 /* Project object */;
			proxyType = 1;
			remoteGlobalIDString = 163810451FACB626007F3F61;
			remoteInfo = CollegeSystem;
		};
/* End PBXContainerItemProxy section */

/* Begin PBXFileReference section */
		163810461FACB626007F3F61 /* CollegeSystem.app */ = {isa = PBXFileReference; explicitFileType = wrapper.application; includeInIndex = 0; path = CollegeSystem.app; sourceTree = BUILT_PRODUCTS_DIR; };
		163810491FACB626007F3F61 /* AppDelegate.swift */ = {isa = PBXFileReference; lastKnownFileType = sourcecode.swift; path = AppDelegate.swift; sourceTree = "<group>"; };
		1638104B1FACB626007F3F61 /* ViewController.swift */ = {isa = PBXFileReference; lastKnownFileType = sourcecode.swift; path = ViewController.swift; sourceTree = "<group>"; };
		1638104E1FACB626007F3F61 /* Base */ = {isa = PBXFileReference; lastKnownFileType = file.storyboard; name = Base; path = Base.lproj/Main.storyboard; sourceTree = "<group>"; };
		163810501FACB626007F3F61 /* Assets.xcassets */ = {isa = PBXFileReference; lastKnownFileType = folder.assetcatalog; path = Assets.xcassets; sourceTree = "<group>"; };
		163810531FACB626007F3F61 /* Base */ = {isa = PBXFileReference; lastKnownFileType = file.storyboard; name = Base; path = Base.lproj/LaunchScreen.storyboard; sourceTree = "<group>"; };
		163810551FACB626007F3F61 /* Info.plist */ = {isa = PBXFileReference; lastKnownFileType = text.plist.xml; path = Info.plist; sourceTree = "<group>"; };
		1638105A1FACB626007F3F61 /* CollegeSystemTests.xctest */ = {isa = PBXFileReference; explicitFileType = wrapper.cfbundle; includeInIndex = 0; path = CollegeSystemTests.xctest; sourceTree = BUILT_PRODUCTS_DIR; };
		1638105E1FACB626007F3F61 /* CollegeSystemTests.swift */ = {isa = PBXFileReference; lastKnownFileType = sourcecode.swift; path = CollegeSystemTests.swift; sourceTree = "<group>"; };
		163810601FACB626007F3F61 /* Info.plist */ = {isa = PBXFileReference; lastKnownFileType = text.plist.xml; path = Info.plist; sourceTree = "<group>"; };
		163810651FACB626007F3F61 /* CollegeSystemUITests.xctest */ = {isa = PBXFileReference; explicitFileType = wrapper.cfbundle; includeInIndex = 0; path = CollegeSystemUITests.xctest; sourceTree = BUILT_PRODUCTS_DIR; };
		163810691FACB626007F3F61 /* CollegeSystemUITests.swift */ = {isa = PBXFileReference; lastKnownFileType = sourcecode.swift; path = CollegeSystemUITests.swift; sourceTree = "<group>"; };
		1638106B1FACB626007F3F61 /* Info.plist */ = {isa = PBXFileReference; lastKnownFileType = text.plist.xml; path = Info.plist; sourceTree = "<group>"; };
		163810791FACBF41007F3F61 /* Department.swift */ = {isa = PBXFileReference; lastKnownFileType = sourcecode.swift; path = Department.swift; sourceTree = "<group>"; };
		1638107A1FACBF42007F3F61 /* Course.swift */ = {isa = PBXFileReference; lastKnownFileType = sourcecode.swift; path = Course.swift; sourceTree = "<group>"; };
		1638107B1FACBF42007F3F61 /* Program.swift */ = {isa = PBXFileReference; lastKnownFileType = sourcecode.swift; path = Program.swift; sourceTree = "<group>"; };
		1638107C1FACBF42007F3F61 /* Country.swift */ = {isa = PBXFileReference; lastKnownFileType = sourcecode.swift; path = Country.swift; sourceTree = "<group>"; };
		1638107D1FACBF42007F3F61 /* StudentClass.swift */ = {isa = PBXFileReference; lastKnownFileType = sourcecode.swift; path = StudentClass.swift; sourceTree = "<group>"; };
		1638107E1FACBF43007F3F61 /* Status.swift */ = {isa = PBXFileReference; lastKnownFileType = sourcecode.swift; path = Status.swift; sourceTree = "<group>"; };
		1638107F1FACBF43007F3F61 /* Util.swift */ = {isa = PBXFileReference; lastKnownFileType = sourcecode.swift; path = Util.swift; sourceTree = "<group>"; };
		163810801FACBF43007F3F61 /* GradeAux.swift */ = {isa = PBXFileReference; lastKnownFileType = sourcecode.swift; path = GradeAux.swift; sourceTree = "<group>"; };
		163810811FACBF44007F3F61 /* Classe.swift */ = {isa = PBXFileReference; lastKnownFileType = sourcecode.swift; path = Classe.swift; sourceTree = "<group>"; };
		163810821FACBF44007F3F61 /* DepartmentEmployee.swift */ = {isa = PBXFileReference; lastKnownFileType = sourcecode.swift; path = DepartmentEmployee.swift; sourceTree = "<group>"; };
		163810831FACBF44007F3F61 /* Employee.swift */ = {isa = PBXFileReference; lastKnownFileType = sourcecode.swift; path = Employee.swift; sourceTree = "<group>"; };
		163810841FACBF44007F3F61 /* Student.swift */ = {isa = PBXFileReference; lastKnownFileType = sourcecode.swift; path = Student.swift; sourceTree = "<group>"; };
		163810861FACBF45007F3F61 /* CollegeReports.swift */ = {isa = PBXFileReference; lastKnownFileType = sourcecode.swift; path = CollegeReports.swift; sourceTree = "<group>"; };
		163810871FACBF45007F3F61 /* Function.swift */ = {isa = PBXFileReference; lastKnownFileType = sourcecode.swift; path = Function.swift; sourceTree = "<group>"; };
		163810881FACBF46007F3F61 /* Schedule.swift */ = {isa = PBXFileReference; lastKnownFileType = sourcecode.swift; path = Schedule.swift; sourceTree = "<group>"; };
		163810891FACBF46007F3F61 /* College.swift */ = {isa = PBXFileReference; lastKnownFileType = sourcecode.swift; path = College.swift; sourceTree = "<group>"; };
/* End PBXFileReference section */

/* Begin PBXFrameworksBuildPhase section */
		163810431FACB626007F3F61 /* Frameworks */ = {
			isa = PBXFrameworksBuildPhase;
			buildActionMask = 2147483647;
			files = (
			);
			runOnlyForDeploymentPostprocessing = 0;
		};
		163810571FACB626007F3F61 /* Frameworks */ = {
			isa = PBXFrameworksBuildPhase;
			buildActionMask = 2147483647;
			files = (
			);
			runOnlyForDeploymentPostprocessing = 0;
		};
		163810621FACB626007F3F61 /* Frameworks */ = {
			isa = PBXFrameworksBuildPhase;
			buildActionMask = 2147483647;
			files = (
			);
			runOnlyForDeploymentPostprocessing = 0;
		};
/* End PBXFrameworksBuildPhase section */

/* Begin PBXGroup section */
		1638103D1FACB626007F3F61 = {
			isa = PBXGroup;
			children = (
				163810481FACB626007F3F61 /* CollegeSystem */,
				1638105D1FACB626007F3F61 /* CollegeSystemTests */,
				163810681FACB626007F3F61 /* CollegeSystemUITests */,
				163810471FACB626007F3F61 /* Products */,
			);
			sourceTree = "<group>";
		};
		163810471FACB626007F3F61 /* Products */ = {
			isa = PBXGroup;
			children = (
				163810461FACB626007F3F61 /* CollegeSystem.app */,
				1638105A1FACB626007F3F61 /* CollegeSystemTests.xctest */,
				163810651FACB626007F3F61 /* CollegeSystemUITests.xctest */,
			);
			name = Products;
			sourceTree = "<group>";
		};
		163810481FACB626007F3F61 /* CollegeSystem */ = {
			isa = PBXGroup;
			children = (
				1638109D1FACC035007F3F61 /* College */,
				163810491FACB626007F3F61 /* AppDelegate.swift */,
				1638104B1FACB626007F3F61 /* ViewController.swift */,
				1638104D1FACB626007F3F61 /* Main.storyboard */,
				163810501FACB626007F3F61 /* Assets.xcassets */,
				163810521FACB626007F3F61 /* LaunchScreen.storyboard */,
				163810551FACB626007F3F61 /* Info.plist */,
			);
			path = CollegeSystem;
			sourceTree = "<group>";
		};
		1638105D1FACB626007F3F61 /* CollegeSystemTests */ = {
			isa = PBXGroup;
			children = (
				1638105E1FACB626007F3F61 /* CollegeSystemTests.swift */,
				163810601FACB626007F3F61 /* Info.plist */,
			);
			path = CollegeSystemTests;
			sourceTree = "<group>";
		};
		163810681FACB626007F3F61 /* CollegeSystemUITests */ = {
			isa = PBXGroup;
			children = (
				163810691FACB626007F3F61 /* CollegeSystemUITests.swift */,
				1638106B1FACB626007F3F61 /* Info.plist */,
			);
			path = CollegeSystemUITests;
			sourceTree = "<group>";
		};
		1638109D1FACC035007F3F61 /* College */ = {
			isa = PBXGroup;
			children = (
				163810811FACBF44007F3F61 /* Classe.swift */,
				163810891FACBF46007F3F61 /* College.swift */,
				163810861FACBF45007F3F61 /* CollegeReports.swift */,
				1638107C1FACBF42007F3F61 /* Country.swift */,
				1638107A1FACBF42007F3F61 /* Course.swift */,
				163810791FACBF41007F3F61 /* Department.swift */,
				163810821FACBF44007F3F61 /* DepartmentEmployee.swift */,
				163810831FACBF44007F3F61 /* Employee.swift */,
				163810871FACBF45007F3F61 /* Function.swift */,
				163810801FACBF43007F3F61 /* GradeAux.swift */,
				1638107B1FACBF42007F3F61 /* Program.swift */,
				163810881FACBF46007F3F61 /* Schedule.swift */,
				1638107E1FACBF43007F3F61 /* Status.swift */,
				163810841FACBF44007F3F61 /* Student.swift */,
				1638107D1FACBF42007F3F61 /* StudentClass.swift */,
				1638107F1FACBF43007F3F61 /* Util.swift */,
			);
			path = College;
			sourceTree = "<group>";
		};
/* End PBXGroup section */

/* Begin PBXNativeTarget section */
		163810451FACB626007F3F61 /* CollegeSystem */ = {
			isa = PBXNativeTarget;
			buildConfigurationList = 1638106E1FACB626007F3F61 /* Build configuration list for PBXNativeTarget "CollegeSystem" */;
			buildPhases = (
				163810421FACB626007F3F61 /* Sources */,
				163810431FACB626007F3F61 /* Frameworks */,
				163810441FACB626007F3F61 /* Resources */,
			);
			buildRules = (
			);
			dependencies = (
			);
			name = CollegeSystem;
			productName = CollegeSystem;
			productReference = 163810461FACB626007F3F61 /* CollegeSystem.app */;
			productType = "com.apple.product-type.application";
		};
		163810591FACB626007F3F61 /* CollegeSystemTests */ = {
			isa = PBXNativeTarget;
			buildConfigurationList = 163810711FACB626007F3F61 /* Build configuration list for PBXNativeTarget "CollegeSystemTests" */;
			buildPhases = (
				163810561FACB626007F3F61 /* Sources */,
				163810571FACB626007F3F61 /* Frameworks */,
				163810581FACB626007F3F61 /* Resources */,
			);
			buildRules = (
			);
			dependencies = (
				1638105C1FACB626007F3F61 /* PBXTargetDependency */,
			);
			name = CollegeSystemTests;
			productName = CollegeSystemTests;
			productReference = 1638105A1FACB626007F3F61 /* CollegeSystemTests.xctest */;
			productType = "com.apple.product-type.bundle.unit-test";
		};
		163810641FACB626007F3F61 /* CollegeSystemUITests */ = {
			isa = PBXNativeTarget;
			buildConfigurationList = 163810741FACB626007F3F61 /* Build configuration list for PBXNativeTarget "CollegeSystemUITests" */;
			buildPhases = (
				163810611FACB626007F3F61 /* Sources */,
				163810621FACB626007F3F61 /* Frameworks */,
				163810631FACB626007F3F61 /* Resources */,
			);
			buildRules = (
			);
			dependencies = (
				163810671FACB626007F3F61 /* PBXTargetDependency */,
			);
			name = CollegeSystemUITests;
			productName = CollegeSystemUITests;
			productReference = 163810651FACB626007F3F61 /* CollegeSystemUITests.xctest */;
			productType = "com.apple.product-type.bundle.ui-testing";
		};
/* End PBXNativeTarget section */

/* Begin PBXProject section */
		1638103E1FACB626007F3F61 /* Project object */ = {
			isa = PBXProject;
			attributes = {
				LastSwiftUpdateCheck = 0910;
				LastUpgradeCheck = 0910;
				ORGANIZATIONNAME = "Araceli Teixeira";
				TargetAttributes = {
					163810451FACB626007F3F61 = {
						CreatedOnToolsVersion = 9.1;
						ProvisioningStyle = Automatic;
					};
					163810591FACB626007F3F61 = {
						CreatedOnToolsVersion = 9.1;
						ProvisioningStyle = Automatic;
						TestTargetID = 163810451FACB626007F3F61;
					};
					163810641FACB626007F3F61 = {
						CreatedOnToolsVersion = 9.1;
						ProvisioningStyle = Automatic;
						TestTargetID = 163810451FACB626007F3F61;
					};
				};
			};
			buildConfigurationList = 163810411FACB626007F3F61 /* Build configuration list for PBXProject "CollegeSystem" */;
			compatibilityVersion = "Xcode 8.0";
			developmentRegion = en;
			hasScannedForEncodings = 0;
			knownRegions = (
				en,
				Base,
			);
			mainGroup = 1638103D1FACB626007F3F61;
			productRefGroup = 163810471FACB626007F3F61 /* Products */;
			projectDirPath = "";
			projectRoot = "";
			targets = (
				163810451FACB626007F3F61 /* CollegeSystem */,
				163810591FACB626007F3F61 /* CollegeSystemTests */,
				163810641FACB626007F3F61 /* CollegeSystemUITests */,
			);
		};
/* End PBXProject section */

/* Begin PBXResourcesBuildPhase section */
		163810441FACB626007F3F61 /* Resources */ = {
			isa = PBXResourcesBuildPhase;
			buildActionMask = 2147483647;
			files = (
				163810541FACB626007F3F61 /* LaunchScreen.storyboard in Resources */,
				163810511FACB626007F3F61 /* Assets.xcassets in Resources */,
				1638104F1FACB626007F3F61 /* Main.storyboard in Resources */,
			);
			runOnlyForDeploymentPostprocessing = 0;
		};
		163810581FACB626007F3F61 /* Resources */ = {
			isa = PBXResourcesBuildPhase;
			buildActionMask = 2147483647;
			files = (
			);
			runOnlyForDeploymentPostprocessing = 0;
		};
		163810631FACB626007F3F61 /* Resources */ = {
			isa = PBXResourcesBuildPhase;
			buildActionMask = 2147483647;
			files = (
			);
			runOnlyForDeploymentPostprocessing = 0;
		};
/* End PBXResourcesBuildPhase section */

/* Begin PBXSourcesBuildPhase section */
		163810421FACB626007F3F61 /* Sources */ = {
			isa = PBXSourcesBuildPhase;
			buildActionMask = 2147483647;
			files = (
				1638108C1FACBF46007F3F61 /* Program.swift in Sources */,
				163810901FACBF46007F3F61 /* Util.swift in Sources */,
				1638108B1FACBF46007F3F61 /* Course.swift in Sources */,
				1638109A1FACBF46007F3F61 /* College.swift in Sources */,
				1638104C1FACB626007F3F61 /* ViewController.swift in Sources */,
				1638108F1FACBF46007F3F61 /* Status.swift in Sources */,
				163810951FACBF46007F3F61 /* Student.swift in Sources */,
				163810921FACBF46007F3F61 /* Classe.swift in Sources */,
				1638104A1FACB626007F3F61 /* AppDelegate.swift in Sources */,
				163810931FACBF46007F3F61 /* DepartmentEmployee.swift in Sources */,
				163810971FACBF46007F3F61 /* CollegeReports.swift in Sources */,
				163810911FACBF46007F3F61 /* GradeAux.swift in Sources */,
				163810981FACBF46007F3F61 /* Function.swift in Sources */,
				163810991FACBF46007F3F61 /* Schedule.swift in Sources */,
				163810941FACBF46007F3F61 /* Employee.swift in Sources */,
				1638108E1FACBF46007F3F61 /* StudentClass.swift in Sources */,
				1638108D1FACBF46007F3F61 /* Country.swift in Sources */,
				1638108A1FACBF46007F3F61 /* Department.swift in Sources */,
			);
			runOnlyForDeploymentPostprocessing = 0;
		};
		163810561FACB626007F3F61 /* Sources */ = {
			isa = PBXSourcesBuildPhase;
			buildActionMask = 2147483647;
			files = (
				1638105F1FACB626007F3F61 /* CollegeSystemTests.swift in Sources */,
			);
			runOnlyForDeploymentPostprocessing = 0;
		};
		163810611FACB626007F3F61 /* Sources */ = {
			isa = PBXSourcesBuildPhase;
			buildActionMask = 2147483647;
			files = (
				1638106A1FACB626007F3F61 /* CollegeSystemUITests.swift in Sources */,
			);
			runOnlyForDeploymentPostprocessing = 0;
		};
/* End PBXSourcesBuildPhase section */

/* Begin PBXTargetDependency section */
		1638105C1FACB626007F3F61 /* PBXTargetDependency */ = {
			isa = PBXTargetDependency;
			target = 163810451FACB626007F3F61 /* CollegeSystem */;
			targetProxy = 1638105B1FACB626007F3F61 /* PBXContainerItemProxy */;
		};
		163810671FACB626007F3F61 /* PBXTargetDependency */ = {
			isa = PBXTargetDependency;
			target = 163810451FACB626007F3F61 /* CollegeSystem */;
			targetProxy = 163810661FACB626007F3F61 /* PBXContainerItemProxy */;
		};
/* End PBXTargetDependency section */

/* Begin PBXVariantGroup section */
		1638104D1FACB626007F3F61 /* Main.storyboard */ = {
			isa = PBXVariantGroup;
			children = (
				1638104E1FACB626007F3F61 /* Base */,
			);
			name = Main.storyboard;
			sourceTree = "<group>";
		};
		163810521FACB626007F3F61 /* LaunchScreen.storyboard */ = {
			isa = PBXVariantGroup;
			children = (
				163810531FACB626007F3F61 /* Base */,
			);
			name = LaunchScreen.storyboard;
			sourceTree = "<group>";
		};
/* End PBXVariantGroup section */

/* Begin XCBuildConfiguration section */
		1638106C1FACB626007F3F61 /* Debug */ = {
			isa = XCBuildConfiguration;
			buildSettings = {
				ALWAYS_SEARCH_USER_PATHS = NO;
				CLANG_ANALYZER_NONNULL = YES;
				CLANG_ANALYZER_NUMBER_OBJECT_CONVERSION = YES_AGGRESSIVE;
				CLANG_CXX_LANGUAGE_STANDARD = "gnu++14";
				CLANG_CXX_LIBRARY = "libc++";
				CLANG_ENABLE_MODULES = YES;
				CLANG_ENABLE_OBJC_ARC = YES;
				CLANG_WARN_BLOCK_CAPTURE_AUTORELEASING = YES;
				CLANG_WARN_BOOL_CONVERSION = YES;
				CLANG_WARN_COMMA = YES;
				CLANG_WARN_CONSTANT_CONVERSION = YES;
				CLANG_WARN_DIRECT_OBJC_ISA_USAGE = YES_ERROR;
				CLANG_WARN_DOCUMENTATION_COMMENTS = YES;
				CLANG_WARN_EMPTY_BODY = YES;
				CLANG_WARN_ENUM_CONVERSION = YES;
				CLANG_WARN_INFINITE_RECURSION = YES;
				CLANG_WARN_INT_CONVERSION = YES;
				CLANG_WARN_NON_LITERAL_NULL_CONVERSION = YES;
				CLANG_WARN_OBJC_LITERAL_CONVERSION = YES;
				CLANG_WARN_OBJC_ROOT_CLASS = YES_ERROR;
				CLANG_WARN_RANGE_LOOP_ANALYSIS = YES;
				CLANG_WARN_STRICT_PROTOTYPES = YES;
				CLANG_WARN_SUSPICIOUS_MOVE = YES;
				CLANG_WARN_UNGUARDED_AVAILABILITY = YES_AGGRESSIVE;
				CLANG_WARN_UNREACHABLE_CODE = YES;
				CLANG_WARN__DUPLICATE_METHOD_MATCH = YES;
				CODE_SIGN_IDENTITY = "iPhone Developer";
				COPY_PHASE_STRIP = NO;
				DEBUG_INFORMATION_FORMAT = dwarf;
				ENABLE_STRICT_OBJC_MSGSEND = YES;
				ENABLE_TESTABILITY = YES;
				GCC_C_LANGUAGE_STANDARD = gnu11;
				GCC_DYNAMIC_NO_PIC = NO;
				GCC_NO_COMMON_BLOCKS = YES;
				GCC_OPTIMIZATION_LEVEL = 0;
				GCC_PREPROCESSOR_DEFINITIONS = (
					"DEBUG=1",
					"$(inherited)",
				);
				GCC_WARN_64_TO_32_BIT_CONVERSION = YES;
				GCC_WARN_ABOUT_RETURN_TYPE = YES_ERROR;
				GCC_WARN_UNDECLARED_SELECTOR = YES;
				GCC_WARN_UNINITIALIZED_AUTOS = YES_AGGRESSIVE;
				GCC_WARN_UNUSED_FUNCTION = YES;
				GCC_WARN_UNUSED_VARIABLE = YES;
				IPHONEOS_DEPLOYMENT_TARGET = 11.1;
				MTL_ENABLE_DEBUG_INFO = YES;
				ONLY_ACTIVE_ARCH = YES;
				SDKROOT = iphoneos;
				SWIFT_ACTIVE_COMPILATION_CONDITIONS = DEBUG;
				SWIFT_OPTIMIZATION_LEVEL = "-Onone";
			};
			name = Debug;
		};
		1638106D1FACB626007F3F61 /* Release */ = {
			isa = XCBuildConfiguration;
			buildSettings = {
				ALWAYS_SEARCH_USER_PATHS = NO;
				CLANG_ANALYZER_NONNULL = YES;
				CLANG_ANALYZER_NUMBER_OBJECT_CONVERSION = YES_AGGRESSIVE;
				CLANG_CXX_LANGUAGE_STANDARD = "gnu++14";
				CLANG_CXX_LIBRARY = "libc++";
				CLANG_ENABLE_MODULES = YES;
				CLANG_ENABLE_OBJC_ARC = YES;
				CLANG_WARN_BLOCK_CAPTURE_AUTORELEASING = YES;
				CLANG_WARN_BOOL_CONVERSION = YES;
				CLANG_WARN_COMMA = YES;
				CLANG_WARN_CONSTANT_CONVERSION = YES;
				CLANG_WARN_DIRECT_OBJC_ISA_USAGE = YES_ERROR;
				CLANG_WARN_DOCUMENTATION_COMMENTS = YES;
				CLANG_WARN_EMPTY_BODY = YES;
				CLANG_WARN_ENUM_CONVERSION = YES;
				CLANG_WARN_INFINITE_RECURSION = YES;
				CLANG_WARN_INT_CONVERSION = YES;
				CLANG_WARN_NON_LITERAL_NULL_CONVERSION = YES;
				CLANG_WARN_OBJC_LITERAL_CONVERSION = YES;
				CLANG_WARN_OBJC_ROOT_CLASS = YES_ERROR;
				CLANG_WARN_RANGE_LOOP_ANALYSIS = YES;
				CLANG_WARN_STRICT_PROTOTYPES = YES;
				CLANG_WARN_SUSPICIOUS_MOVE = YES;
				CLANG_WARN_UNGUARDED_AVAILABILITY = YES_AGGRESSIVE;
				CLANG_WARN_UNREACHABLE_CODE = YES;
				CLANG_WARN__DUPLICATE_METHOD_MATCH = YES;
				CODE_SIGN_IDENTITY = "iPhone Developer";
				COPY_PHASE_STRIP = NO;
				DEBUG_INFORMATION_FORMAT = "dwarf-with-dsym";
				ENABLE_NS_ASSERTIONS = NO;
				ENABLE_STRICT_OBJC_MSGSEND = YES;
				GCC_C_LANGUAGE_STANDARD = gnu11;
				GCC_NO_COMMON_BLOCKS = YES;
				GCC_WARN_64_TO_32_BIT_CONVERSION = YES;
				GCC_WARN_ABOUT_RETURN_TYPE = YES_ERROR;
				GCC_WARN_UNDECLARED_SELECTOR = YES;
				GCC_WARN_UNINITIALIZED_AUTOS = YES_AGGRESSIVE;
				GCC_WARN_UNUSED_FUNCTION = YES;
				GCC_WARN_UNUSED_VARIABLE = YES;
				IPHONEOS_DEPLOYMENT_TARGET = 11.1;
				MTL_ENABLE_DEBUG_INFO = NO;
				SDKROOT = iphoneos;
				SWIFT_OPTIMIZATION_LEVEL = "-Owholemodule";
				VALIDATE_PRODUCT = YES;
			};
			name = Release;
		};
		1638106F1FACB626007F3F61 /* Debug */ = {
			isa = XCBuildConfiguration;
			buildSettings = {
				ASSETCATALOG_COMPILER_APPICON_NAME = AppIcon;
				CODE_SIGN_STYLE = Automatic;
				DEVELOPMENT_TEAM = LGFP7F348Q;
				INFOPLIST_FILE = CollegeSystem/Info.plist;
				LD_RUNPATH_SEARCH_PATHS = "$(inherited) @executable_path/Frameworks";
				PRODUCT_BUNDLE_IDENTIFIER = ant.CollegeSystem;
				PRODUCT_NAME = "$(TARGET_NAME)";
				SWIFT_VERSION = 4.0;
				TARGETED_DEVICE_FAMILY = "1,2";
			};
			name = Debug;
		};
		163810701FACB626007F3F61 /* Release */ = {
			isa = XCBuildConfiguration;
			buildSettings = {
				ASSETCATALOG_COMPILER_APPICON_NAME = AppIcon;
				CODE_SIGN_STYLE = Automatic;
				DEVELOPMENT_TEAM = LGFP7F348Q;
				INFOPLIST_FILE = CollegeSystem/Info.plist;
				LD_RUNPATH_SEARCH_PATHS = "$(inherited) @executable_path/Frameworks";
				PRODUCT_BUNDLE_IDENTIFIER = ant.CollegeSystem;
				PRODUCT_NAME = "$(TARGET_NAME)";
				SWIFT_VERSION = 4.0;
				TARGETED_DEVICE_FAMILY = "1,2";
			};
			name = Release;
		};
		163810721FACB626007F3F61 /* Debug */ = {
			isa = XCBuildConfiguration;
			buildSettings = {
				ALWAYS_EMBED_SWIFT_STANDARD_LIBRARIES = YES;
				BUNDLE_LOADER = "$(TEST_HOST)";
				CODE_SIGN_STYLE = Automatic;
				DEVELOPMENT_TEAM = LGFP7F348Q;
				INFOPLIST_FILE = CollegeSystemTests/Info.plist;
				LD_RUNPATH_SEARCH_PATHS = "$(inherited) @executable_path/Frameworks @loader_path/Frameworks";
				PRODUCT_BUNDLE_IDENTIFIER = ant.CollegeSystemTests;
				PRODUCT_NAME = "$(TARGET_NAME)";
				SWIFT_VERSION = 4.0;
				TARGETED_DEVICE_FAMILY = "1,2";
				TEST_HOST = "$(BUILT_PRODUCTS_DIR)/CollegeSystem.app/CollegeSystem";
			};
			name = Debug;
		};
		163810731FACB626007F3F61 /* Release */ = {
			isa = XCBuildConfiguration;
			buildSettings = {
				ALWAYS_EMBED_SWIFT_STANDARD_LIBRARIES = YES;
				BUNDLE_LOADER = "$(TEST_HOST)";
				CODE_SIGN_STYLE = Automatic;
				DEVELOPMENT_TEAM = LGFP7F348Q;
				INFOPLIST_FILE = CollegeSystemTests/Info.plist;
				LD_RUNPATH_SEARCH_PATHS = "$(inherited) @executable_path/Frameworks @loader_path/Frameworks";
				PRODUCT_BUNDLE_IDENTIFIER = ant.CollegeSystemTests;
				PRODUCT_NAME = "$(TARGET_NAME)";
				SWIFT_VERSION = 4.0;
				TARGETED_DEVICE_FAMILY = "1,2";
				TEST_HOST = "$(BUILT_PRODUCTS_DIR)/CollegeSystem.app/CollegeSystem";
			};
			name = Release;
		};
		163810751FACB626007F3F61 /* Debug */ = {
			isa = XCBuildConfiguration;
			buildSettings = {
				ALWAYS_EMBED_SWIFT_STANDARD_LIBRARIES = YES;
				CODE_SIGN_STYLE = Automatic;
				DEVELOPMENT_TEAM = LGFP7F348Q;
				INFOPLIST_FILE = CollegeSystemUITests/Info.plist;
				LD_RUNPATH_SEARCH_PATHS = "$(inherited) @executable_path/Frameworks @loader_path/Frameworks";
				PRODUCT_BUNDLE_IDENTIFIER = ant.CollegeSystemUITests;
				PRODUCT_NAME = "$(TARGET_NAME)";
				SWIFT_VERSION = 4.0;
				TARGETED_DEVICE_FAMILY = "1,2";
				TEST_TARGET_NAME = CollegeSystem;
			};
			name = Debug;
		};
		163810761FACB626007F3F61 /* Release */ = {
			isa = XCBuildConfiguration;
			buildSettings = {
				ALWAYS_EMBED_SWIFT_STANDARD_LIBRARIES = YES;
				CODE_SIGN_STYLE = Automatic;
				DEVELOPMENT_TEAM = LGFP7F348Q;
				INFOPLIST_FILE = CollegeSystemUITests/Info.plist;
				LD_RUNPATH_SEARCH_PATHS = "$(inherited) @executable_path/Frameworks @loader_path/Frameworks";
				PRODUCT_BUNDLE_IDENTIFIER = ant.CollegeSystemUITests;
				PRODUCT_NAME = "$(TARGET_NAME)";
				SWIFT_VERSION = 4.0;
				TARGETED_DEVICE_FAMILY = "1,2";
				TEST_TARGET_NAME = CollegeSystem;
			};
			name = Release;
		};
/* End XCBuildConfiguration section */

/* Begin XCConfigurationList section */
		163810411FACB626007F3F61 /* Build configuration list for PBXProject "CollegeSystem" */ = {
			isa = XCConfigurationList;
			buildConfigurations = (
				1638106C1FACB626007F3F61 /* Debug */,
				1638106D1FACB626007F3F61 /* Release */,
			);
			defaultConfigurationIsVisible = 0;
			defaultConfigurationName = Release;
		};
		1638106E1FACB626007F3F61 /* Build configuration list for PBXNativeTarget "CollegeSystem" */ = {
			isa = XCConfigurationList;
			buildConfigurations = (
				1638106F1FACB626007F3F61 /* Debug */,
				163810701FACB626007F3F61 /* Release */,
			);
			defaultConfigurationIsVisible = 0;
			defaultConfigurationName = Release;
		};
		163810711FACB626007F3F61 /* Build configuration list for PBXNativeTarget "CollegeSystemTests" */ = {
			isa = XCConfigurationList;
			buildConfigurations = (
				163810721FACB626007F3F61 /* Debug */,
				163810731FACB626007F3F61 /* Release */,
			);
			defaultConfigurationIsVisible = 0;
			defaultConfigurationName = Release;
		};
		163810741FACB626007F3F61 /* Build configuration list for PBXNativeTarget "CollegeSystemUITests" */ = {
			isa = XCConfigurationList;
			buildConfigurations = (
				163810751FACB626007F3F61 /* Debug */,
				163810761FACB626007F3F61 /* Release */,
			);
			defaultConfigurationIsVisible = 0;
			defaultConfigurationName = Release;
		};
/* End XCConfigurationList section */
	};
	rootObject = 1638103E1FACB626007F3F61 /* Project object */;
}
